
Microsoft Visual Studio Solution File, Format Version 12.00
# Visual Studio Version 17
VisualStudioVersion = 17.0.32014.148
MinimumVisualStudioVersion = 10.0.40219.1
Project("{9A19103F-16F7-4668-BE54-9A1E7A4F7556}") = "MyNewApp", "MyNewApp.csproj", "{FCAD684F-825F-45F2-B3B7-6FA3E9E68ED1}"
EndProject
Project("{9A19103F-16F7-4668-BE54-9A1E7A4F7556}") = "DefaultWidgets", "Plugins\DefaultWidgets\DefaultWidgets.csproj", "{2BD1688E-EABA-4AE6-B392-C8E102E2FA23}"
EndProject
Global
	GlobalSection(SolutionConfigurationPlatforms) = preSolution
		Debug|Any CPU = Debug|Any CPU
		Release|Any CPU = Release|Any CPU
	EndGlobalSection
	GlobalSection(ProjectConfigurationPlatforms) = postSolution
		{FCAD684F-825F-45F2-B3B7-6FA3E9E68ED1}.Debug|Any CPU.ActiveCfg = Debug|Any CPU
		{FCAD684F-825F-45F2-B3B7-6FA3E9E68ED1}.Debug|Any CPU.Build.0 = Debug|Any CPU
		{FCAD684F-825F-45F2-B3B7-6FA3E9E68ED1}.Release|Any CPU.ActiveCfg = Release|Any CPU
		{FCAD684F-825F-45F2-B3B7-6FA3E9E68ED1}.Release|Any CPU.Build.0 = Release|Any CPU
		{2BD1688E-EABA-4AE6-B392-C8E102E2FA23}.Debug|Any CPU.ActiveCfg = Debug|Any CPU
		{2BD1688E-EABA-4AE6-B392-C8E102E2FA23}.Debug|Any CPU.Build.0 = Debug|Any CPU
		{2BD1688E-EABA-4AE6-B392-C8E102E2FA23}.Release|Any CPU.ActiveCfg = Release|Any CPU
		{2BD1688E-EABA-4AE6-B392-C8E102E2FA23}.Release|Any CPU.Build.0 = Release|Any CPU
	EndGlobalSection
	GlobalSection(SolutionProperties) = preSolution
		HideSolutionNode = FALSE
	EndGlobalSection
	GlobalSection(ExtensibilityGlobals) = postSolution
		SolutionGuid = {8A377D25-FAAB-4474-AAEF-A0DD3CB7469A}
	EndGlobalSection
EndGlobal
